# This file is autogenerated, do not edit; changes may be undone by the next 'dep ensure'.


[[projects]]
  digest = "1:be8993239652c645a3d6ccb20451f18bdf7bf8e49e1aacddfa8b472fe8a57b17"
  name = "github.com/Azure/azure-sdk-for-go"
  packages = [
    "services/authorization/mgmt/2015-07-01/authorization",
    "services/containerregistry/mgmt/2017-10-01/containerregistry",
    "version",
  ]
  pruneopts = "UT"
  revision = "56332fec5b308fbb6615fa1af6117394cdba186d"
  version = "v15.0.0"

[[projects]]
  branch = "master"
  digest = "1:6da51e5ec493ad2b44cb04129e2d0a068c8fb9bd6cb5739d199573558696bb94"
  name = "github.com/Azure/go-ansiterm"
  packages = [
    ".",
    "winterm",
  ]
  pruneopts = "UT"
  revision = "d6e3b3328b783f23731bc4d058875b0371ff8109"

[[projects]]
  digest = "1:294e171c276db41a48623c001309cd11f5c9d27a56a00d393428d1b194fd6680"
  name = "github.com/Azure/go-autorest"
  packages = [
    "autorest",
    "autorest/adal",
    "autorest/azure",
    "autorest/date",
    "autorest/to",
    "autorest/validation",
  ]
  pruneopts = "UT"
  revision = "9ad9326b278af8fa5cc67c30c0ce9a58cc0862b2"
  version = "v10.6.0"

[[projects]]
  digest = "1:df73df4ad7cf2f0d68e57d8b69357bf5e6497dfc42aad3aa045d84614d6e3561"
  name = "github.com/Microsoft/go-winio"
  packages = ["."]
  pruneopts = "UT"
  revision = "3b8b3c98b207f95fe0cd6c7c311a9ac497ba7c0f"
  version = "v0.3.3"

[[projects]]
  branch = "master"
  digest = "1:3721a10686511b80c052323423f0de17a8c06d417dbdd3b392b1578432a33aae"
  name = "github.com/Nvveen/Gotty"
  packages = ["."]
  pruneopts = "UT"
  revision = "cd527374f1e5bff4938207604a14f2e38a9cf512"

[[projects]]
  branch = "master"
  digest = "1:7645139589631ac940fb63eb5a2d5f52b44380de27ef88bf7b39ddc35eb3e9b8"
  name = "github.com/SKAhack/go-shortid"
  packages = ["."]
  pruneopts = "UT"
  revision = "24d054c393feb4d0a6514de8a9951a26fedf0d85"

[[projects]]
  digest = "1:592348390c01df7524dcce6716b2c94fe95c6b00d482579b273f54065e5b804b"
  name = "github.com/aws/aws-sdk-go"
  packages = [
    "aws",
    "aws/awserr",
    "aws/awsutil",
    "aws/client",
    "aws/client/metadata",
    "aws/corehandlers",
    "aws/credentials",
    "aws/credentials/ec2rolecreds",
    "aws/credentials/endpointcreds",
    "aws/credentials/stscreds",
    "aws/defaults",
    "aws/ec2metadata",
    "aws/endpoints",
    "aws/request",
    "aws/session",
    "aws/signer/v4",
    "private/protocol",
    "private/protocol/json/jsonutil",
    "private/protocol/jsonrpc",
    "private/protocol/query",
    "private/protocol/query/queryutil",
    "private/protocol/rest",
    "private/protocol/restxml",
    "private/protocol/xml/xmlutil",
    "private/waiter",
    "service/ecr",
    "service/iam",
    "service/s3",
    "service/s3/s3iface",
    "service/s3/s3manager",
    "service/sts",
  ]
  pruneopts = "UT"
  revision = "96feaee0a1328835f6336932f48ba7c90df90244"

[[projects]]
  digest = "1:5bb36304653e73c2ced864d49c9f344e7141a7ceef852442edcea212094ebc3c"
  name = "github.com/beorn7/perks"
  packages = ["quantile"]
  pruneopts = "UT"
  revision = "4c0e84591b9aa9e6dcfdf3e020114cd81f89d5f9"

[[projects]]
  digest = "1:705c40022f5c03bf96ffeb6477858d88565064485a513abcd0f11a0911546cb6"
  name = "github.com/blang/semver"
  packages = ["."]
  pruneopts = "UT"
  revision = "2ee87856327ba09384cabd113bc6b5d174e9ec0f"
  version = "v3.5.1"

[[projects]]
  digest = "1:ce25ee21898d5219785032bfa16a17e6c85f50c00945939a632932bbe23ec41a"
  name = "github.com/cheggaaa/pb"
  packages = ["."]
  pruneopts = "UT"
  revision = "8808370bf63524e115da1371ba42bce6739f3a6b"
  version = "v1.0.3"

[[projects]]
  digest = "1:f79cd49a8355afd923ab2dbe9613d6329630e4b44f9c21322d438694adcd5379"
  name = "github.com/chuckpreslar/emission"
  packages = ["."]
  pruneopts = "UT"
  revision = "cbe5fe2282b51edd760a422334bb040e40d313c7"

[[projects]]
  digest = "1:319eef059df92221aed359589b6708aaf402936cd98d6b8a739ccfe3d9ff9bbe"
  name = "github.com/containerd/continuity"
  packages = [
    "devices",
    "driver",
    "pathdriver",
    "sysx",
  ]
  pruneopts = "UT"
  revision = "d8fb8589b0e8e85b8c8bbaa8840226d0dfeb7371"

[[projects]]
  digest = "1:1f7f77f3320fee4b173abc1fbbafc7ce17c99dfd0bf79ce080c0bf73a83c31f8"
  name = "github.com/davecgh/go-spew"
  packages = ["spew"]
  pruneopts = "UT"
  revision = "adab96458c51a58dc1783b3335dcce5461522e75"

[[projects]]
  digest = "1:76dc72490af7174349349838f2fe118996381b31ea83243812a97e5a0fd5ed55"
  name = "github.com/dgrijalva/jwt-go"
  packages = ["."]
  pruneopts = "UT"
  revision = "06ea1031745cb8b3dab3f6a236daf2b0aa468b7e"
  version = "v3.2.0"

[[projects]]
  digest = "1:fc978b4ff3461a3c8d0729f9b282c906e44a395469e30aba636333c5ec569615"
  name = "github.com/docker/cli"
  packages = [
    "cli/config",
    "cli/config/configfile",
    "cli/config/credentials",
    "opts",
  ]
  pruneopts = "UT"
  revision = "7e52344cd27e0e0e517729d128f6d2a0f0797d23"

[[projects]]
  digest = "1:f97dac0faf3fe070edcba3832ec3d790bd801ea5bd2e8f397892d1c7537d6399"
  name = "github.com/docker/distribution"
  packages = [
    ".",
    "digestset",
    "reference",
    "registry/api/errcode",
    "registry/api/v2",
    "registry/client",
    "registry/client/auth",
    "registry/client/auth/challenge",
    "registry/client/transport",
    "registry/storage/cache",
    "registry/storage/cache/memory",
  ]
  pruneopts = "UT"
  revision = "5f6282db7d65e6d72ad7c2cc66310724a57be716"

[[projects]]
  digest = "1:3101683c3a63814ac8fe12a61fa01b728340f647c484d71573a31f041a68e7bc"
  name = "github.com/docker/docker"
  packages = [
    "api",
    "api/types",
    "api/types/blkiodev",
    "api/types/container",
    "api/types/events",
    "api/types/filters",
    "api/types/image",
    "api/types/mount",
    "api/types/network",
    "api/types/registry",
    "api/types/strslice",
    "api/types/swarm",
    "api/types/swarm/runtime",
    "api/types/time",
    "api/types/versions",
    "api/types/volume",
    "client",
    "daemon/graphdriver",
    "dockerversion",
    "errdefs",
    "image",
    "layer",
    "oci",
    "opts",
    "pkg/archive",
    "pkg/chrootarchive",
    "pkg/containerfs",
    "pkg/fileutils",
    "pkg/homedir",
    "pkg/idtools",
    "pkg/ioutils",
    "pkg/jsonmessage",
    "pkg/longpath",
    "pkg/mount",
    "pkg/parsers/kernel",
    "pkg/plugingetter",
    "pkg/plugins",
    "pkg/plugins/transport",
    "pkg/pools",
    "pkg/reexec",
    "pkg/signal",
    "pkg/stdcopy",
    "pkg/stringid",
    "pkg/symlink",
    "pkg/system",
    "pkg/tarsum",
    "pkg/term",
    "pkg/term/windows",
    "pkg/useragent",
    "plugin/v2",
    "registry",
    "registry/resumable",
  ]
  pruneopts = "UT"
  revision = "094aa1a5527df23922e1de85919da7ab67455067"

[[projects]]
  digest = "1:8866486038791fe65ea1abf660041423954b1f3fb99ea6a0ad8424422e943458"
  name = "github.com/docker/docker-credential-helpers"
  packages = [
    "client",
    "credentials",
  ]
  pruneopts = "UT"
  revision = "f00de1b72fc8274c009c019a34d6bfade31c715c"

[[projects]]
  digest = "1:b6b5c3e8da0fb8073cd2886ba249a40f4402b4391ca6eba905a142cceea97a12"
  name = "github.com/docker/go-connections"
  packages = [
    "nat",
    "sockets",
    "tlsconfig",
  ]
  pruneopts = "UT"
  revision = "3ede32e2033de7505e6500d6c868c2b9ed9f169d"
  version = "v0.3.0"

[[projects]]
  digest = "1:2c64f1f852db12e31d5b78212b0dc60669381358f99c0585b66d28f687ae4963"
  name = "github.com/docker/go-units"
  packages = ["."]
  pruneopts = "UT"
  revision = "5d2041e26a699eaca682e2ea41c8f891e1060444"
  version = "v0.3.0"

[[projects]]
  digest = "1:b10817c3cb6090fa2c4e35ed78f1eb5d4634727d745752732edc8c905b68fcbd"
  name = "github.com/fsouza/go-dockerclient"
  packages = ["."]
  pruneopts = "UT"
  revision = "107dc3807d24e581e874212dd9a7ba35599b893d"

[[projects]]
  digest = "1:3068391cce6afc2cdc94125bb38b58c64d77921109892363a3d50fe2d45b7ba2"
  name = "github.com/go-ini/ini"
  packages = ["."]
  pruneopts = "UT"
  revision = "766e555c68dc8bda90d197ee8946c37519c19409"
  version = "v1.23.1"

[[projects]]
  digest = "1:8e62ae91cb7ca93a04fa143d7407bd8dd9cbb3613f68ca78aa39e2a087aeebc0"
  name = "github.com/gogo/protobuf"
  packages = ["proto"]
  pruneopts = "UT"
  revision = "fcdc5011193ff531a548e9b0301828d5a5b97fd8"

[[projects]]
  digest = "1:88f157f35375b079385af8e9c049b156ead1ac7c861ac06ec0594f5454f6e933"
  name = "github.com/golang/protobuf"
  packages = [
    "proto",
    "protoc-gen-go/descriptor",
    "ptypes",
    "ptypes/any",
    "ptypes/duration",
    "ptypes/timestamp",
  ]
  pruneopts = "UT"
  revision = "3a3da3a4e26776cc22a79ef46d5d58477532dede"

[[projects]]
  branch = "master"
  digest = "1:750e747d0aad97b79f4a4e00034bae415c2ea793fd9e61438d966ee9c79579bf"
  name = "github.com/google/shlex"
  packages = ["."]
  pruneopts = "UT"
  revision = "6f45313302b9c56850fc17f99e40caebce98c716"

[[projects]]
  digest = "1:c79fb010be38a59d657c48c6ba1d003a8aa651fa56b579d959d74573b7dff8e1"
  name = "github.com/gorilla/context"
  packages = ["."]
  pruneopts = "UT"
  revision = "08b5f424b9271eedf6f9f0ce86cb9396ed337a42"
  version = "v1.1.1"

[[projects]]
  digest = "1:39709b184cbe5b2aecce843ae0223840dd5cde1f55bb80281a6a3b0a0ca304ed"
  name = "github.com/gorilla/mux"
  packages = ["."]
  pruneopts = "UT"
  revision = "ac112f7d75a0714af1bd86ab17749b31f7809640"

[[projects]]
  digest = "1:5b817bed2b8523a4c424f0b92133a88b85f21ccd91e925c169afd9fdd5914bb2"
  name = "github.com/grpc-ecosystem/go-grpc-prometheus"
  packages = ["."]
  pruneopts = "UT"
  revision = "9dd71a3316b8915beb3a377781618807bb21f0f2"

[[projects]]
  digest = "1:3cc8d6f7489eff4cc78ce9fd6591978d270a55518bbbe66628eb7eb06cbf899b"
  name = "github.com/hashicorp/go-cleanhttp"
  packages = ["."]
  pruneopts = "UT"
  revision = "ad28ea4487f05916463e2423a55166280e8254b5"

[[projects]]
  digest = "1:777a19f55da89883fe86477b3ffcaaebece9a20efa6e9d161c08beb4b3bd83be"
  name = "github.com/jmespath/go-jmespath"
  packages = ["."]
  pruneopts = "UT"
  revision = "bd40a432e4c76585ef6b72d3fd96fb9b6dc7b68d"

[[projects]]
  digest = "1:fbcf00936e4825e5da76a0fe746a66ed73ba811f6451541cb4e5033b0d7a976e"
  name = "github.com/jtacoma/uritemplates"
  packages = ["."]
  pruneopts = "UT"
  revision = "802b8e24dbf0f556badb3a1401a49f6bfda80ca6"

[[projects]]
  digest = "1:075fe2b22b9fcec90cecd98546c2096d73a3ab9458261f5647512fba3e0420eb"
  name = "github.com/kr/pty"
  packages = ["."]
  pruneopts = "UT"
  revision = "2c10821df3c3cf905230d078702dfbe9404c9b23"
  version = "v1.0.0"

[[projects]]
  digest = "1:2851c6d2e6ef4f1c79b60196ca36dacbcc3dcfc18bdc425a9156be1b33a16a0a"
  name = "github.com/mattn/go-shellwords"
  packages = ["."]
  pruneopts = "UT"
  revision = "9858af9cca4c73576f0b8c6609a396eb0878023c"

[[projects]]
  digest = "1:ff5ebae34cfbf047d505ee150de27e60570e8c394b3b8fdbb720ff6ac71985fc"
  name = "github.com/matttproud/golang_protobuf_extensions"
  packages = ["pbutil"]
  pruneopts = "UT"
  revision = "c12348ce28de40eed0136aa2b644d0ee0650e56c"
  version = "v1.0.1"

[[projects]]
  branch = "master"
  digest = "1:e7a1af77ee190b4c4558142e769a6ab5df14e9f5768119f630128cff9060df54"
  name = "github.com/monochromegane/go-gitignore"
  packages = ["."]
  pruneopts = "UT"
  revision = "38717d0a108ca0e5af632cd6845ca77d45b50729"

[[projects]]
  digest = "1:83641852d82eec67a034790cbe1504108f25a469693a06df66b71eecd60f0707"
  name = "github.com/mreiferson/go-snappystream"
  packages = [
    ".",
    "snappy-go",
  ]
  pruneopts = "UT"
  revision = "028eae7ab5c4c9e2d1cb4c4ca1e53259bbe7e504"
  version = "v0.2.3"

[[projects]]
  branch = "master"
  digest = "1:b0e4fd3029cb69e3741c50252c007861645b0ddaba6b468e28d2b5a6eac8b5a7"
  name = "github.com/mwitkow/go-grpc-middleware"
  packages = ["."]
  pruneopts = "UT"
  revision = "e9c5d9645c437ab1b204cff969a2c0fb16cd4276"

[[projects]]
  digest = "1:ee4d4af67d93cc7644157882329023ce9a7bcfce956a079069a9405521c7cc8d"
  name = "github.com/opencontainers/go-digest"
  packages = ["."]
  pruneopts = "UT"
  revision = "279bed98673dd5bef374d3b6e4b09e2af76183bf"
  version = "v1.0.0-rc1"

[[projects]]
  digest = "1:72355c470c6667f840653face568d24896ce8ff9888b0304b18e5e7452147206"
  name = "github.com/opencontainers/image-spec"
  packages = [
    "specs-go",
    "specs-go/v1",
  ]
  pruneopts = "UT"
  revision = "97ae57f204b5956aa313d453ead9094ff9056b32"

[[projects]]
  digest = "1:2af6a2d2f71efa615ceb992592c13d4ff38068deb906a74ef3f71ad036669602"
  name = "github.com/opencontainers/runc"
  packages = [
    "libcontainer/configs",
    "libcontainer/devices",
    "libcontainer/system",
    "libcontainer/user",
  ]
  pruneopts = "UT"
  revision = "1a124e9c2da68c867ed2c4f4ff19f0cd95cda0cd"
  version = "v0.0.8"

[[projects]]
  digest = "1:15e034a7a32b93a8344cc9d74b6f172ea22dfd1b8d1cc40043facd9da9b256cf"
  name = "github.com/opencontainers/runtime-spec"
  packages = ["specs-go"]
  pruneopts = "UT"
  revision = "d42f1eb741e6361e858d83fc75aa6893b66292c4"

[[projects]]
  digest = "1:035d9db5cd668ff3480407a8979892270038f01ea794e064bd682208c3a046b6"
  name = "github.com/oracle/oci-go-sdk"
  packages = [
    "common",
    "objectstorage",
  ]
  pruneopts = "UT"
  revision = "23237533ffdc47ef672c697822c2741d23208822"
  version = "v2.0.0"

[[projects]]
  digest = "1:def181b5a85202caf6f0994be6680ed3d4ab42733ec9fdcf1c2df9dd0fae2b6f"
  name = "github.com/pborman/uuid"
  packages = ["."]
  pruneopts = "UT"
  revision = "c55201b036063326c5b1b89ccfe45a184973d073"

[[projects]]
  digest = "1:0599213459e7ef9398ab20b26722ebeaeed4d9d85255005ddf0a5c47f8c02670"
  name = "github.com/pkg/errors"
  packages = ["."]
  pruneopts = "UT"
  revision = "c605e284fe17294bda444b34710735b29d1a9d90"

[[projects]]
  digest = "1:0028cb19b2e4c3112225cd871870f2d9cf49b9b4276531f03438a88e94be86fe"
  name = "github.com/pmezard/go-difflib"
  packages = ["difflib"]
  pruneopts = "UT"
  revision = "792786c7400a136282c1664665ae0a8db921c6c2"
  version = "v1.0.0"

[[projects]]
  digest = "1:e91f0d29a3593fb2ca3fb724895861d619659b53f9a0d2220150a2cfabe104a1"
  name = "github.com/prometheus/client_golang"
  packages = ["prometheus"]
  pruneopts = "UT"
  revision = "94ff84a9a6ebb5e6eb9172897c221a64df3443bc"

[[projects]]
  digest = "1:32d10bdfa8f09ecf13598324dba86ab891f11db3c538b6a34d1c3b5b99d7c36b"
  name = "github.com/prometheus/client_model"
  packages = ["go"]
  pruneopts = "UT"
  revision = "6f3806018612930941127f2a7c6c453ba2c527d2"

[[projects]]
  digest = "1:79ac6d18d6b7eabed09995d83689c2c1d3c09dfdd892ddf3d2202765bef23582"
  name = "github.com/prometheus/common"
  packages = [
    "expfmt",
    "internal/bitbucket.org/ww/goautoneg",
    "model",
  ]
  pruneopts = "UT"
  revision = "61f87aac8082fa8c3c5655c7608d7478d46ac2ad"

[[projects]]
  digest = "1:e3f36c748588410d67b7bb3fb442c339ee0c297100425b9040ed6bf3074978f6"
  name = "github.com/prometheus/procfs"
  packages = [
    ".",
    "xfs",
  ]
  pruneopts = "UT"
  revision = "e645f4e5aaa8506fc71d6edbc5c4ff02c04c46f2"

[[projects]]
  digest = "1:5f2aaa360f48d1711795bd88c7e45a38f86cf81e4bc01453d20983baa67e2d51"
  name = "github.com/sirupsen/logrus"
  packages = ["."]
  pruneopts = "UT"
  revision = "f006c2ac4710855cf0f916dd6b77acf6b048dc6e"
  version = "v1.0.3"

[[projects]]
  digest = "1:bc8fb3482c12134f69f93e155c229fdaf51144a02ddf409865fc7cf17500481d"
  name = "github.com/stretchr/testify"
  packages = [
    "assert",
    "require",
    "suite",
  ]
  pruneopts = "UT"
  revision = "890a5c3458b43e6104ff5da8dfa139d013d77544"

[[projects]]
  branch = "master"
  digest = "1:a727e6e99a07e8f42e25f3139e471987bb936663044e4a5ac1808467fb0c5f98"
  name = "github.com/termie/go-shutil"
  packages = ["."]
  pruneopts = "UT"
  revision = "bcacb06fecaeec8dc42af03c87c6949f4a05c74c"

[[projects]]
  digest = "1:1de5fb7b09baea24a92b2b97ea3231b31296784ef7b62130f12af352e189ef93"
  name = "github.com/vbatts/tar-split"
  packages = [
    "archive/tar",
    "tar/asm",
    "tar/storage",
  ]
  pruneopts = "UT"
  revision = "226f7c74905f1fcc08ac128b517a1d65a1948eb9"

[[projects]]
  branch = "issue-1960"
  digest = "1:73714608b0118f323daa123f4d1f7dd1ba17a82c771e193e96686863cfa6a846"
  name = "github.com/wercker/docker-check-access"
  packages = ["."]
  pruneopts = "UT"
  revision = "d5855e180d779364298d772b3ed2c728858dc381"

[[projects]]
  digest = "1:74e3472ae7c85d51728f88d238bed1d52435f142cd864c26ded5cfddd1f7fca4"
  name = "github.com/wercker/docker-reg-client"
  packages = ["registry"]
  pruneopts = "UT"
  revision = "290be6ffcbe21d8097a4124bb630bbf4a52d9e7e"

[[projects]]
  digest = "1:35c4fe954be12f971cf12fd2dfeb3cce42f42843139fd6625365706dd765acd3"
  name = "github.com/wercker/pkg"
  packages = ["log"]
  pruneopts = "UT"
  revision = "8f5141c76788eea5b8c0856d019565167246ec62"

[[projects]]
  digest = "1:d5aff3667b6c50e45e2ee4bb9d4f0d82c3b2f05854fc1f6a83ed00b67604ca18"
  name = "github.com/wercker/reporter-client"
  packages = ["."]
  pruneopts = "UT"
  revision = "f52a96cebbe069791dbb890f534bdf0a51b727a9"

[[projects]]
  digest = "1:3f3a05ae0b95893d90b9b3b5afdb79a9b3d96e4e36e099d841ae602e4aca0da8"
  name = "golang.org/x/crypto"
  packages = ["ssh/terminal"]
  pruneopts = "UT"
  revision = "b2aa35443fbc700ab74c586ae79b81c171851023"

[[projects]]
  branch = "master"
  digest = "1:697bd8cd865debce7ac2799e3ee75fa0cd9a5a95946072b4c82e001cbf1c9811"
  name = "golang.org/x/net"
  packages = [
    "context",
    "context/ctxhttp",
    "http/httpguts",
    "http2",
    "http2/hpack",
    "idna",
    "internal/socks",
    "internal/timeseries",
    "proxy",
    "trace",
  ]
  pruneopts = "UT"
  revision = "aaf60122140d3fcf75376d319f0554393160eb50"

[[projects]]
  digest = "1:6d6961e946930a4b9d8c62ebe517c9a35572452a04890ea81733013563553f6b"
  name = "golang.org/x/oauth2"
  packages = [
    ".",
    "internal",
  ]
  pruneopts = "UT"
  revision = "6a2004c8907a86949d71c664c81574897a4e55a6"

[[projects]]
  digest = "1:842363833c87d62172b95493a1346144cead5ead00fbd79f7eab0ace9a2cce34"
  name = "golang.org/x/sys"
  packages = [
    "unix",
    "windows",
    "windows/registry",
  ]
  pruneopts = "UT"
  revision = "07c182904dbd53199946ba614a412c61d3c548f5"

[[projects]]
  digest = "1:97337ef8cb438f9e3a99ea91a300e916ed9a96fbf3ad50f9a020d30ea9f8692f"
  name = "golang.org/x/text"
  packages = [
    "internal/gen",
    "internal/triegen",
    "internal/ucd",
    "secure/bidirule",
    "transform",
    "unicode/bidi",
    "unicode/cldr",
    "unicode/norm",
    "unicode/rangetable",
  ]
  pruneopts = "UT"
  revision = "e56139fd9c5bc7244c76116c68e500765bb6db6b"

[[projects]]
  digest = "1:52133d6859535332391e6193c8878d06347f28881111efa900392802485e9a18"
  name = "google.golang.org/appengine"
  packages = [
    "internal",
    "internal/base",
    "internal/datastore",
    "internal/log",
    "internal/remote_api",
    "internal/urlfetch",
    "urlfetch",
  ]
  pruneopts = "UT"
  revision = "9d8544a6b2c7df9cff240fcf92d7b2f59bc13416"

[[projects]]
  digest = "1:2457b9d8a042744fa70c2263353c2dec49ff63efc9b3ceba41d2d5909d142507"
  name = "google.golang.org/genproto"
  packages = [
    "googleapis/api/annotations",
    "googleapis/rpc/status",
  ]
  pruneopts = "UT"
  revision = "81158efcc9f219c511e4d3c0d61a0e6e49c01a24"

[[projects]]
  digest = "1:3dd7996ce6bf52dec6a2f69fa43e7c4cefea1d4dfa3c8ab7a5f8a9f7434e239d"
  name = "google.golang.org/grpc"
  packages = [
    ".",
    "balancer",
    "balancer/base",
    "balancer/roundrobin",
    "codes",
    "connectivity",
    "credentials",
    "encoding",
    "encoding/proto",
    "grpclog",
    "internal",
    "internal/backoff",
    "internal/channelz",
    "internal/envconfig",
    "internal/grpcrand",
    "internal/transport",
    "keepalive",
    "metadata",
    "naming",
    "peer",
    "resolver",
    "resolver/dns",
    "resolver/passthrough",
    "stats",
    "status",
    "tap",
  ]
  pruneopts = "UT"
  revision = "32fb0ac620c32ba40a4626ddf94d90d12cce3455"
  version = "v1.14.0"

[[projects]]
  digest = "1:abeb38ade3f32a92943e5be54f55ed6d6e3b6602761d74b4aab4c9dd45c18abd"
  name = "gopkg.in/fsnotify/fsnotify.v1"
  packages = ["."]
  pruneopts = "UT"
  revision = "c2828203cd70a50dcccfb2761f8b1f8ceef9a8e9"
  version = "v1.4.7"

[[projects]]
  digest = "1:9e8ac8aa4f4c5557ba0b03a55d407b07b7030ed552b437a9dc7e5ec90f16ab39"
  name = "gopkg.in/mgo.v2"
  packages = [
    "bson",
    "internal/json",
  ]
  pruneopts = "UT"
  revision = "3f83fa5005286a7fe593b055f0d7771a7dce4655"

[[projects]]
  digest = "1:b24d38b282bacf9791408a080f606370efa3d364e4b5fd9ba0f7b87786d3b679"
  name = "gopkg.in/urfave/cli.v1"
  packages = ["."]
  pruneopts = "UT"
  revision = "cfb38830724cc34fedffe9a2a29fb54fa9169cd1"
  version = "v1.20.0"

[[projects]]
  branch = "fix_bool"
  digest = "1:9b680efbe370d258c5b5c82f1512d9da0f027fc160d4e1825efa5aced370e3a1"
  name = "gopkg.in/yaml.v2"
  packages = ["."]
  pruneopts = "UT"
  revision = "7489265e3f45c4fc1ecc7b44411417e847f76234"
  source = "github.com/wercker/yaml"

[solve-meta]
  analyzer-name = "dep"
  analyzer-version = 1
  input-imports = [
    "github.com/SKAhack/go-shortid",
    "github.com/aws/aws-sdk-go/aws",
    "github.com/aws/aws-sdk-go/aws/credentials",
    "github.com/aws/aws-sdk-go/aws/session",
    "github.com/aws/aws-sdk-go/service/s3/s3manager",
    "github.com/blang/semver",
    "github.com/cheggaaa/pb",
    "github.com/chuckpreslar/emission",
    "github.com/docker/cli/cli/config",
    "github.com/docker/distribution/reference",
    "github.com/docker/docker/api/types",
    "github.com/docker/docker/api/types/container",
    "github.com/docker/docker/api/types/network",
    "github.com/docker/docker/client",
    "github.com/docker/docker/image",
    "github.com/docker/docker/layer",
    "github.com/docker/docker/pkg/jsonmessage",
    "github.com/docker/docker/pkg/signal",
    "github.com/docker/docker/pkg/term",
    "github.com/docker/go-connections/nat",
    "github.com/fsouza/go-dockerclient",
    "github.com/golang/protobuf/proto",
    "github.com/golang/protobuf/ptypes/timestamp",
    "github.com/google/shlex",
    "github.com/grpc-ecosystem/go-grpc-prometheus",
    "github.com/jtacoma/uritemplates",
    "github.com/kr/pty",
    "github.com/monochromegane/go-gitignore",
    "github.com/mreiferson/go-snappystream",
    "github.com/mwitkow/go-grpc-middleware",
    "github.com/opencontainers/go-digest",
    "github.com/oracle/oci-go-sdk/common",
    "github.com/oracle/oci-go-sdk/objectstorage",
    "github.com/pborman/uuid",
    "github.com/pkg/errors",
    "github.com/sirupsen/logrus",
    "github.com/stretchr/testify/assert",
    "github.com/stretchr/testify/require",
    "github.com/stretchr/testify/suite",
    "github.com/termie/go-shutil",
    "github.com/wercker/docker-check-access",
    "github.com/wercker/pkg/log",
    "github.com/wercker/reporter-client",
    "golang.org/x/crypto/ssh/terminal",
    "golang.org/x/net/context",
    "golang.org/x/oauth2",
    "golang.org/x/sys/unix",
    "google.golang.org/genproto/googleapis/api/annotations",
    "google.golang.org/grpc",
    "gopkg.in/fsnotify/fsnotify.v1",
    "gopkg.in/mgo.v2/bson",
    "gopkg.in/urfave/cli.v1",
    "gopkg.in/yaml.v2",
  ]
  solver-name = "gps-cdcl"
  solver-version = 1
